
Microsoft Visual Studio Solution File, Format Version 12.00
# Visual Studio 14
VisualStudioVersion = 14.0.25420.1
MinimumVisualStudioVersion = 10.0.40219.1
Project("{8BC9CEB8-8B4A-11D0-8D11-00A0C91BC942}") = "HelloGitHub", "HelloGitHub\HelloGitHub.vcxproj", "{4523E846-255E-4041-8C36-A0855B4CABE5}"
EndProject
Project("{8BC9CEB8-8B4A-11D0-8D11-00A0C91BC942}") = "RandomEnemyGenerator", "RandomEnemyGenerator\RandomEnemyGenerator.vcxproj", "{D6C78C75-47A9-4BF7-9F27-9A547E6DDF7F}"
EndProject
Project("{8BC9CEB8-8B4A-11D0-8D11-00A0C91BC942}") = "TheWalkingDead", "TheWalkingDead\TheWalkingDead.vcxproj", "{60A036BF-A1DA-42F4-831D-5582847E46F0}"
EndProject
Project("{8BC9CEB8-8B4A-11D0-8D11-00A0C91BC942}") = "DynArray", "DynArray\DynArray.vcxproj", "{4AFCEC83-5980-4A4B-ACA3-AFCB46A82EF4}"
EndProject
Project("{8BC9CEB8-8B4A-11D0-8D11-00A0C91BC942}") = "Fist_Contact_Vector", "Fist_Contact_Vector\Fist_Contact_Vector.vcxproj", "{A693491A-9AB6-47E4-BA03-F9218EBC3F10}"
EndProject
Project("{8BC9CEB8-8B4A-11D0-8D11-00A0C91BC942}") = "PlayerRanking", "PlayerRanking\PlayerRanking.vcxproj", "{B6151692-9CC8-4914-A6AD-A55CC80FC669}"
EndProject
Project("{8BC9CEB8-8B4A-11D0-8D11-00A0C91BC942}") = "STLdequeQueuePriorydeque", "STLdequeQueuePriorydeque\STLdequeQueuePriorydeque.vcxproj", "{FC545FE1-0F51-4C1B-B86D-FF7CEA08D5C5}"
EndProject
Project("{8BC9CEB8-8B4A-11D0-8D11-00A0C91BC942}") = "A09_stac", "A09_stac\A09_stac.vcxproj", "{5A1CECB5-603F-43A4-8862-BBED80364F47}"
EndProject
Global
	GlobalSection(SolutionConfigurationPlatforms) = preSolution
		Debug|x64 = Debug|x64
		Debug|x86 = Debug|x86
		Release|x64 = Release|x64
		Release|x86 = Release|x86
	EndGlobalSection
	GlobalSection(ProjectConfigurationPlatforms) = postSolution
		{4523E846-255E-4041-8C36-A0855B4CABE5}.Debug|x64.ActiveCfg = Debug|x64
		{4523E846-255E-4041-8C36-A0855B4CABE5}.Debug|x64.Build.0 = Debug|x64
		{4523E846-255E-4041-8C36-A0855B4CABE5}.Debug|x86.ActiveCfg = Debug|Win32
		{4523E846-255E-4041-8C36-A0855B4CABE5}.Debug|x86.Build.0 = Debug|Win32
		{4523E846-255E-4041-8C36-A0855B4CABE5}.Release|x64.ActiveCfg = Release|x64
		{4523E846-255E-4041-8C36-A0855B4CABE5}.Release|x64.Build.0 = Release|x64
		{4523E846-255E-4041-8C36-A0855B4CABE5}.Release|x86.ActiveCfg = Release|Win32
		{4523E846-255E-4041-8C36-A0855B4CABE5}.Release|x86.Build.0 = Release|Win32
		{D6C78C75-47A9-4BF7-9F27-9A547E6DDF7F}.Debug|x64.ActiveCfg = Debug|x64
		{D6C78C75-47A9-4BF7-9F27-9A547E6DDF7F}.Debug|x64.Build.0 = Debug|x64
		{D6C78C75-47A9-4BF7-9F27-9A547E6DDF7F}.Debug|x86.ActiveCfg = Debug|Win32
		{D6C78C75-47A9-4BF7-9F27-9A547E6DDF7F}.Debug|x86.Build.0 = Debug|Win32
		{D6C78C75-47A9-4BF7-9F27-9A547E6DDF7F}.Release|x64.ActiveCfg = Release|x64
		{D6C78C75-47A9-4BF7-9F27-9A547E6DDF7F}.Release|x64.Build.0 = Release|x64
		{D6C78C75-47A9-4BF7-9F27-9A547E6DDF7F}.Release|x86.ActiveCfg = Release|Win32
		{D6C78C75-47A9-4BF7-9F27-9A547E6DDF7F}.Release|x86.Build.0 = Release|Win32
		{60A036BF-A1DA-42F4-831D-5582847E46F0}.Debug|x64.ActiveCfg = Debug|x64
		{60A036BF-A1DA-42F4-831D-5582847E46F0}.Debug|x64.Build.0 = Debug|x64
		{60A036BF-A1DA-42F4-831D-5582847E46F0}.Debug|x86.ActiveCfg = Debug|Win32
		{60A036BF-A1DA-42F4-831D-5582847E46F0}.Debug|x86.Build.0 = Debug|Win32
		{60A036BF-A1DA-42F4-831D-5582847E46F0}.Release|x64.ActiveCfg = Release|x64
		{60A036BF-A1DA-42F4-831D-5582847E46F0}.Release|x64.Build.0 = Release|x64
		{60A036BF-A1DA-42F4-831D-5582847E46F0}.Release|x86.ActiveCfg = Release|Win32
		{60A036BF-A1DA-42F4-831D-5582847E46F0}.Release|x86.Build.0 = Release|Win32
		{4AFCEC83-5980-4A4B-ACA3-AFCB46A82EF4}.Debug|x64.ActiveCfg = Debug|x64
		{4AFCEC83-5980-4A4B-ACA3-AFCB46A82EF4}.Debug|x64.Build.0 = Debug|x64
		{4AFCEC83-5980-4A4B-ACA3-AFCB46A82EF4}.Debug|x86.ActiveCfg = Debug|Win32
		{4AFCEC83-5980-4A4B-ACA3-AFCB46A82EF4}.Debug|x86.Build.0 = Debug|Win32
		{4AFCEC83-5980-4A4B-ACA3-AFCB46A82EF4}.Release|x64.ActiveCfg = Release|x64
		{4AFCEC83-5980-4A4B-ACA3-AFCB46A82EF4}.Release|x64.Build.0 = Release|x64
		{4AFCEC83-5980-4A4B-ACA3-AFCB46A82EF4}.Release|x86.ActiveCfg = Release|Win32
		{4AFCEC83-5980-4A4B-ACA3-AFCB46A82EF4}.Release|x86.Build.0 = Release|Win32
		{A693491A-9AB6-47E4-BA03-F9218EBC3F10}.Debug|x64.ActiveCfg = Debug|x64
		{A693491A-9AB6-47E4-BA03-F9218EBC3F10}.Debug|x64.Build.0 = Debug|x64
		{A693491A-9AB6-47E4-BA03-F9218EBC3F10}.Debug|x86.ActiveCfg = Debug|Win32
		{A693491A-9AB6-47E4-BA03-F9218EBC3F10}.Debug|x86.Build.0 = Debug|Win32
		{A693491A-9AB6-47E4-BA03-F9218EBC3F10}.Release|x64.ActiveCfg = Release|x64
		{A693491A-9AB6-47E4-BA03-F9218EBC3F10}.Release|x64.Build.0 = Release|x64
		{A693491A-9AB6-47E4-BA03-F9218EBC3F10}.Release|x86.ActiveCfg = Release|Win32
		{A693491A-9AB6-47E4-BA03-F9218EBC3F10}.Release|x86.Build.0 = Release|Win32
		{B6151692-9CC8-4914-A6AD-A55CC80FC669}.Debug|x64.ActiveCfg = Debug|x64
		{B6151692-9CC8-4914-A6AD-A55CC80FC669}.Debug|x64.Build.0 = Debug|x64
		{B6151692-9CC8-4914-A6AD-A55CC80FC669}.Debug|x86.ActiveCfg = Debug|Win32
		{B6151692-9CC8-4914-A6AD-A55CC80FC669}.Debug|x86.Build.0 = Debug|Win32
		{B6151692-9CC8-4914-A6AD-A55CC80FC669}.Release|x64.ActiveCfg = Release|x64
		{B6151692-9CC8-4914-A6AD-A55CC80FC669}.Release|x64.Build.0 = Release|x64
		{B6151692-9CC8-4914-A6AD-A55CC80FC669}.Release|x86.ActiveCfg = Release|Win32
		{B6151692-9CC8-4914-A6AD-A55CC80FC669}.Release|x86.Build.0 = Release|Win32
		{FC545FE1-0F51-4C1B-B86D-FF7CEA08D5C5}.Debug|x64.ActiveCfg = Debug|x64
		{FC545FE1-0F51-4C1B-B86D-FF7CEA08D5C5}.Debug|x64.Build.0 = Debug|x64
		{FC545FE1-0F51-4C1B-B86D-FF7CEA08D5C5}.Debug|x86.ActiveCfg = Debug|Win32
		{FC545FE1-0F51-4C1B-B86D-FF7CEA08D5C5}.Debug|x86.Build.0 = Debug|Win32
		{FC545FE1-0F51-4C1B-B86D-FF7CEA08D5C5}.Release|x64.ActiveCfg = Release|x64
		{FC545FE1-0F51-4C1B-B86D-FF7CEA08D5C5}.Release|x64.Build.0 = Release|x64
		{FC545FE1-0F51-4C1B-B86D-FF7CEA08D5C5}.Release|x86.ActiveCfg = Release|Win32
		{FC545FE1-0F51-4C1B-B86D-FF7CEA08D5C5}.Release|x86.Build.0 = Release|Win32
		{5A1CECB5-603F-43A4-8862-BBED80364F47}.Debug|x64.ActiveCfg = Debug|x64
		{5A1CECB5-603F-43A4-8862-BBED80364F47}.Debug|x64.Build.0 = Debug|x64
		{5A1CECB5-603F-43A4-8862-BBED80364F47}.Debug|x86.ActiveCfg = Debug|Win32
		{5A1CECB5-603F-43A4-8862-BBED80364F47}.Debug|x86.Build.0 = Debug|Win32
		{5A1CECB5-603F-43A4-8862-BBED80364F47}.Release|x64.ActiveCfg = Release|x64
		{5A1CECB5-603F-43A4-8862-BBED80364F47}.Release|x64.Build.0 = Release|x64
		{5A1CECB5-603F-43A4-8862-BBED80364F47}.Release|x86.ActiveCfg = Release|Win32
		{5A1CECB5-603F-43A4-8862-BBED80364F47}.Release|x86.Build.0 = Release|Win32
	EndGlobalSection
	GlobalSection(SolutionProperties) = preSolution
		HideSolutionNode = FALSE
	EndGlobalSection
EndGlobal
